
Microsoft Visual Studio Solution File, Format Version 12.00
# Visual Studio Version 16
VisualStudioVersion = 16.0.34031.81
MinimumVisualStudioVersion = 10.0.40219.1
Project("{FAE04EC0-301F-11D3-BF4B-00C04F79EFBC}") = "bai16", "bai16\bai16.csproj", "{FE74DE0E-D928-41BE-BEF1-7C7648C831EC}"
EndProject
Global
	GlobalSection(SolutionConfigurationPlatforms) = preSolution
		Debug|Any CPU = Debug|Any CPU
		Release|Any CPU = Release|Any CPU
	EndGlobalSection
	GlobalSection(ProjectConfigurationPlatforms) = postSolution
		{FE74DE0E-D928-41BE-BEF1-7C7648C831EC}.Debug|Any CPU.ActiveCfg = Debug|Any CPU
		{FE74DE0E-D928-41BE-BEF1-7C7648C831EC}.Debug|Any CPU.Build.0 = Debug|Any CPU
		{FE74DE0E-D928-41BE-BEF1-7C7648C831EC}.Release|Any CPU.ActiveCfg = Release|Any CPU
		{FE74DE0E-D928-41BE-BEF1-7C7648C831EC}.Release|Any CPU.Build.0 = Release|Any CPU
	EndGlobalSection
	GlobalSection(SolutionProperties) = preSolution
		HideSolutionNode = FALSE
	EndGlobalSection
	GlobalSection(ExtensibilityGlobals) = postSolution
		SolutionGuid = {83051565-EA82-4D84-A48D-2EF326010D39}
	EndGlobalSection
EndGlobal
